
Microsoft Visual Studio Solution File, Format Version 12.00
# Visual Studio Version 17
VisualStudioVersion = 17.3.32811.315
MinimumVisualStudioVersion = 10.0.40219.1
Project("{FAE04EC0-301F-11D3-BF4B-00C04F79EFBC}") = "biblioUsuarios-G2-2024-1", "biblioUsuarios-G2-2024-1.csproj", "{D443914B-67B6-4206-9123-A456DDDDC3ED}"
EndProject
Global
	GlobalSection(SolutionConfigurationPlatforms) = preSolution
		Debug|Any CPU = Debug|Any CPU
		Release|Any CPU = Release|Any CPU
	EndGlobalSection
	GlobalSection(ProjectConfigurationPlatforms) = postSolution
		{D443914B-67B6-4206-9123-A456DDDDC3ED}.Debug|Any CPU.ActiveCfg = Debug|Any CPU
		{D443914B-67B6-4206-9123-A456DDDDC3ED}.Debug|Any CPU.Build.0 = Debug|Any CPU
		{D443914B-67B6-4206-9123-A456DDDDC3ED}.Release|Any CPU.ActiveCfg = Release|Any CPU
		{D443914B-67B6-4206-9123-A456DDDDC3ED}.Release|Any CPU.Build.0 = Release|Any CPU
	EndGlobalSection
	GlobalSection(SolutionProperties) = preSolution
		HideSolutionNode = FALSE
	EndGlobalSection
	GlobalSection(ExtensibilityGlobals) = postSolution
		SolutionGuid = {A269E2E2-59AE-4A75-BBC0-ED2BD6A0377B}
	EndGlobalSection
EndGlobal
